
Microsoft Visual Studio Solution File, Format Version 12.00
# Visual Studio Version 17
VisualStudioVersion = 17.13.35825.156 d17.13
MinimumVisualStudioVersion = 10.0.40219.1
Project("{FAE04EC0-301F-11D3-BF4B-00C04F79EFBC}") = "Conta Corrente.ConsoleApp", "Conta Corrente.ConsoleApp\Conta Corrente.ConsoleApp.csproj", "{5ECDDF97-AAAE-4BE9-8CED-7C341F040834}"
EndProject
Global
	GlobalSection(SolutionConfigurationPlatforms) = preSolution
		Debug|Any CPU = Debug|Any CPU
		Release|Any CPU = Release|Any CPU
	EndGlobalSection
	GlobalSection(ProjectConfigurationPlatforms) = postSolution
		{5ECDDF97-AAAE-4BE9-8CED-7C341F040834}.Debug|Any CPU.ActiveCfg = Debug|Any CPU
		{5ECDDF97-AAAE-4BE9-8CED-7C341F040834}.Debug|Any CPU.Build.0 = Debug|Any CPU
		{5ECDDF97-AAAE-4BE9-8CED-7C341F040834}.Release|Any CPU.ActiveCfg = Release|Any CPU
		{5ECDDF97-AAAE-4BE9-8CED-7C341F040834}.Release|Any CPU.Build.0 = Release|Any CPU
	EndGlobalSection
	GlobalSection(SolutionProperties) = preSolution
		HideSolutionNode = FALSE
	EndGlobalSection
	GlobalSection(ExtensibilityGlobals) = postSolution
		SolutionGuid = {B56A16F4-D6DB-474E-B344-45956CA56ABF}
	EndGlobalSection
EndGlobal
